
Microsoft Visual Studio Solution File, Format Version 12.00
# Visual Studio Version 16
VisualStudioVersion = 16.0.28729.10
MinimumVisualStudioVersion = 10.0.40219.1
Project("{9A19103F-16F7-4668-BE54-9A1E7A4F7556}") = "LSSDStoreFront-FrontEnd", "LSSDStoreFront-FrontEnd\LSSDStoreFront-FrontEnd.csproj", "{8922BBFF-7242-4C1C-B2C4-E5BC1EBE5147}"
EndProject
Project("{9A19103F-16F7-4668-BE54-9A1E7A4F7556}") = "LSSDStoreFront-Lib", "LSSDStoreFront-Lib\LSSDStoreFront-Lib.csproj", "{7C9CC4E1-8715-4B7C-8DE2-09489420C616}"
EndProject
Project("{9A19103F-16F7-4668-BE54-9A1E7A4F7556}") = "LSSDStoreFront-DB", "LSSDStoreFront-DB\LSSDStoreFront-DB.csproj", "{07DCE91E-4C5E-4931-941F-9C49C9C06083}"
EndProject
Project("{9A19103F-16F7-4668-BE54-9A1E7A4F7556}") = "LSSDStoreFront-Manager", "LSSDStoreFront-Manager\LSSDStoreFront-Manager.csproj", "{D328B3B2-8B94-4C94-A825-6BD3DADBBC05}"
EndProject
Project("{9A19103F-16F7-4668-BE54-9A1E7A4F7556}") = "LSSDStoreFront-Tests", "LSSDStoreFront-Tests\LSSDStoreFront-Tests.csproj", "{41A033C2-CEC3-4FC5-95CF-1E7A73D62D65}"
EndProject
Project("{FAE04EC0-301F-11D3-BF4B-00C04F79EFBC}") = "LSSDStoreFront-EmailRunner", "LSSDStoreFront-EmailRunner\LSSDStoreFront-EmailRunner.csproj", "{7AC616C6-A1B4-4D3B-A707-A769D9C90771}"
EndProject
Global
	GlobalSection(SolutionConfigurationPlatforms) = preSolution
		Debug|Any CPU = Debug|Any CPU
		Release|Any CPU = Release|Any CPU
	EndGlobalSection
	GlobalSection(ProjectConfigurationPlatforms) = postSolution
		{8922BBFF-7242-4C1C-B2C4-E5BC1EBE5147}.Debug|Any CPU.ActiveCfg = Debug|Any CPU
		{8922BBFF-7242-4C1C-B2C4-E5BC1EBE5147}.Debug|Any CPU.Build.0 = Debug|Any CPU
		{8922BBFF-7242-4C1C-B2C4-E5BC1EBE5147}.Release|Any CPU.ActiveCfg = Release|Any CPU
		{8922BBFF-7242-4C1C-B2C4-E5BC1EBE5147}.Release|Any CPU.Build.0 = Release|Any CPU
		{7C9CC4E1-8715-4B7C-8DE2-09489420C616}.Debug|Any CPU.ActiveCfg = Debug|Any CPU
		{7C9CC4E1-8715-4B7C-8DE2-09489420C616}.Debug|Any CPU.Build.0 = Debug|Any CPU
		{7C9CC4E1-8715-4B7C-8DE2-09489420C616}.Release|Any CPU.ActiveCfg = Release|Any CPU
		{7C9CC4E1-8715-4B7C-8DE2-09489420C616}.Release|Any CPU.Build.0 = Release|Any CPU
		{07DCE91E-4C5E-4931-941F-9C49C9C06083}.Debug|Any CPU.ActiveCfg = Debug|Any CPU
		{07DCE91E-4C5E-4931-941F-9C49C9C06083}.Debug|Any CPU.Build.0 = Debug|Any CPU
		{07DCE91E-4C5E-4931-941F-9C49C9C06083}.Release|Any CPU.ActiveCfg = Release|Any CPU
		{07DCE91E-4C5E-4931-941F-9C49C9C06083}.Release|Any CPU.Build.0 = Release|Any CPU
		{D328B3B2-8B94-4C94-A825-6BD3DADBBC05}.Debug|Any CPU.ActiveCfg = Debug|Any CPU
		{D328B3B2-8B94-4C94-A825-6BD3DADBBC05}.Debug|Any CPU.Build.0 = Debug|Any CPU
		{D328B3B2-8B94-4C94-A825-6BD3DADBBC05}.Release|Any CPU.ActiveCfg = Release|Any CPU
		{D328B3B2-8B94-4C94-A825-6BD3DADBBC05}.Release|Any CPU.Build.0 = Release|Any CPU
		{41A033C2-CEC3-4FC5-95CF-1E7A73D62D65}.Debug|Any CPU.ActiveCfg = Debug|Any CPU
		{41A033C2-CEC3-4FC5-95CF-1E7A73D62D65}.Debug|Any CPU.Build.0 = Debug|Any CPU
		{41A033C2-CEC3-4FC5-95CF-1E7A73D62D65}.Release|Any CPU.ActiveCfg = Release|Any CPU
		{41A033C2-CEC3-4FC5-95CF-1E7A73D62D65}.Release|Any CPU.Build.0 = Release|Any CPU
		{7AC616C6-A1B4-4D3B-A707-A769D9C90771}.Debug|Any CPU.ActiveCfg = Debug|Any CPU
		{7AC616C6-A1B4-4D3B-A707-A769D9C90771}.Debug|Any CPU.Build.0 = Debug|Any CPU
		{7AC616C6-A1B4-4D3B-A707-A769D9C90771}.Release|Any CPU.ActiveCfg = Release|Any CPU
		{7AC616C6-A1B4-4D3B-A707-A769D9C90771}.Release|Any CPU.Build.0 = Release|Any CPU
	EndGlobalSection
	GlobalSection(SolutionProperties) = preSolution
		HideSolutionNode = FALSE
	EndGlobalSection
	GlobalSection(ExtensibilityGlobals) = postSolution
		SolutionGuid = {F13262D9-51C1-4C78-9018-CF0349023F88}
	EndGlobalSection
EndGlobal
